# THIS IS AN AUTOGENERATED FILE. DO NOT EDIT THIS FILE DIRECTLY.
# yarn lockfile v1


flotiq-components-react@^0.4.13:
  version "0.4.13"
  resolved "https://registry.yarnpkg.com/flotiq-components-react/-/flotiq-components-react-0.4.13.tgz#fe846ad45d87fc245dbb3923bb7ff06c380bb97f"
  integrity sha512-ABXzQiPFRua6l6o4JsrGwXr67XBB5srcdscbtwPFDiO3jYjO496zVG1ejoEVE27RrKB9d8cwJUM9jLCby8UcVg==
